// !$*UTF8*$!
{
	archiveVersion = 1;
	classes = {
	};
	objectVersion = 46;
	objects = {

/* Begin PBXBuildFile section */
		B0398C381D97280000242048 /* AppDelegate.swift in Sources */ = {isa = PBXBuildFile; fileRef = B0398C371D97280000242048 /* AppDelegate.swift */; };
		B0398C3A1D97280000242048 /* ViewController.swift in Sources */ = {isa = PBXBuildFile; fileRef = B0398C391D97280000242048 /* ViewController.swift */; };
		B0398C3D1D97280000242048 /* Main.storyboard in Resources */ = {isa = PBXBuildFile; fileRef = B0398C3B1D97280000242048 /* Main.storyboard */; };
		B0398C3F1D97280000242048 /* Assets.xcassets in Resources */ = {isa = PBXBuildFile; fileRef = B0398C3E1D97280000242048 /* Assets.xcassets */; };
		B0398C421D97280000242048 /* LaunchScreen.storyboard in Resources */ = {isa = PBXBuildFile; fileRef = B0398C401D97280000242048 /* LaunchScreen.storyboard */; };
		B0398C4D1D97280000242048 /* IOS_Charts_Swift_3_demoTests.swift in Sources */ = {isa = PBXBuildFile; fileRef = B0398C4C1D97280000242048 /* IOS_Charts_Swift_3_demoTests.swift */; };
		B0398C581D97280000242048 /* IOS_Charts_Swift_3_demoUITests.swift in Sources */ = {isa = PBXBuildFile; fileRef = B0398C571D97280000242048 /* IOS_Charts_Swift_3_demoUITests.swift */; };
/* End PBXBuildFile section */

/* Begin PBXContainerItemProxy section */
		B0398C491D97280000242048 /* PBXContainerItemProxy */ = {
			isa = PBXContainerItemProxy;
			containerPortal = B0398C2C1D97280000242048 /* Project object */;
			proxyType = 1;
			remoteGlobalIDString = B0398C331D97280000242048;
			remoteInfo = IOS_Charts_Swift_3_demo;
		};
		B0398C541D97280000242048 /* PBXContainerItemProxy */ = {
			isa = PBXContainerItemProxy;
			containerPortal = B0398C2C1D97280000242048 /* Project object */;
			proxyType = 1;
			remoteGlobalIDString = B0398C331D97280000242048;
			remoteInfo = IOS_Charts_Swift_3_demo;
		};
/* End PBXContainerItemProxy section */

/* Begin PBXFileReference section */
		B0398C341D97280000242048 /* IOS_Charts_Swift_3_demo.app */ = {isa = PBXFileReference; explicitFileType = wrapper.application; includeInIndex = 0; path = IOS_Charts_Swift_3_demo.app; sourceTree = BUILT_PRODUCTS_DIR; };
		B0398C371D97280000242048 /* AppDelegate.swift */ = {isa = PBXFileReference; lastKnownFileType = sourcecode.swift; path = AppDelegate.swift; sourceTree = "<group>"; };
		B0398C391D97280000242048 /* ViewController.swift */ = {isa = PBXFileReference; lastKnownFileType = sourcecode.swift; path = ViewController.swift; sourceTree = "<group>"; };
		B0398C3C1D97280000242048 /* Base */ = {isa = PBXFileReference; lastKnownFileType = file.storyboard; name = Base; path = Base.lproj/Main.storyboard; sourceTree = "<group>"; };
		B0398C3E1D97280000242048 /* Assets.xcassets */ = {isa = PBXFileReference; lastKnownFileType = folder.assetcatalog; path = Assets.xcassets; sourceTree = "<group>"; };
		B0398C411D97280000242048 /* Base */ = {isa = PBXFileReference; lastKnownFileType = file.storyboard; name = Base; path = Base.lproj/LaunchScreen.storyboard; sourceTree = "<group>"; };
		B0398C431D97280000242048 /* Info.plist */ = {isa = PBXFileReference; lastKnownFileType = text.plist.xml; path = Info.plist; sourceTree = "<group>"; };
		B0398C481D97280000242048 /* IOS_Charts_Swift_3_demoTests.xctest */ = {isa = PBXFileReference; explicitFileType = wrapper.cfbundle; includeInIndex = 0; path = IOS_Charts_Swift_3_demoTests.xctest; sourceTree = BUILT_PRODUCTS_DIR; };
		B0398C4C1D97280000242048 /* IOS_Charts_Swift_3_demoTests.swift */ = {isa = PBXFileReference; lastKnownFileType = sourcecode.swift; path = IOS_Charts_Swift_3_demoTests.swift; sourceTree = "<group>"; };
		B0398C4E1D97280000242048 /* Info.plist */ = {isa = PBXFileReference; lastKnownFileType = text.plist.xml; path = Info.plist; sourceTree = "<group>"; };
		B0398C531D97280000242048 /* IOS_Charts_Swift_3_demoUITests.xctest */ = {isa = PBXFileReference; explicitFileType = wrapper.cfbundle; includeInIndex = 0; path = IOS_Charts_Swift_3_demoUITests.xctest; sourceTree = BUILT_PRODUCTS_DIR; };
		B0398C571D97280000242048 /* IOS_Charts_Swift_3_demoUITests.swift */ = {isa = PBXFileReference; lastKnownFileType = sourcecode.swift; path = IOS_Charts_Swift_3_demoUITests.swift; sourceTree = "<group>"; };
		B0398C591D97280000242048 /* Info.plist */ = {isa = PBXFileReference; lastKnownFileType = text.plist.xml; path = Info.plist; sourceTree = "<group>"; };
/* End PBXFileReference section */

/* Begin PBXFrameworksBuildPhase section */
		B0398C311D97280000242048 /* Frameworks */ = {
			isa = PBXFrameworksBuildPhase;
			buildActionMask = 2147483647;
			files = (
			);
			runOnlyForDeploymentPostprocessing = 0;
		};
		B0398C451D97280000242048 /* Frameworks */ = {
			isa = PBXFrameworksBuildPhase;
			buildActionMask = 2147483647;
			files = (
			);
			runOnlyForDeploymentPostprocessing = 0;
		};
		B0398C501D97280000242048 /* Frameworks */ = {
			isa = PBXFrameworksBuildPhase;
			buildActionMask = 2147483647;
			files = (
			);
			runOnlyForDeploymentPostprocessing = 0;
		};
/* End PBXFrameworksBuildPhase section */

/* Begin PBXGroup section */
		B0398C2B1D97280000242048 = {
			isa = PBXGroup;
			children = (
				B0398C361D97280000242048 /* IOS_Charts_Swift_3_demo */,
				B0398C4B1D97280000242048 /* IOS_Charts_Swift_3_demoTests */,
				B0398C561D97280000242048 /* IOS_Charts_Swift_3_demoUITests */,
				B0398C351D97280000242048 /* Products */,
			);
			sourceTree = "<group>";
		};
		B0398C351D97280000242048 /* Products */ = {
			isa = PBXGroup;
			children = (
				B0398C341D97280000242048 /* IOS_Charts_Swift_3_demo.app */,
				B0398C481D97280000242048 /* IOS_Charts_Swift_3_demoTests.xctest */,
				B0398C531D97280000242048 /* IOS_Charts_Swift_3_demoUITests.xctest */,
			);
			name = Products;
			sourceTree = "<group>";
		};
		B0398C361D97280000242048 /* IOS_Charts_Swift_3_demo */ = {
			isa = PBXGroup;
			children = (
				B0398C371D97280000242048 /* AppDelegate.swift */,
				B0398C391D97280000242048 /* ViewController.swift */,
				B0398C3B1D97280000242048 /* Main.storyboard */,
				B0398C3E1D97280000242048 /* Assets.xcassets */,
				B0398C401D97280000242048 /* LaunchScreen.storyboard */,
				B0398C431D97280000242048 /* Info.plist */,
			);
			path = IOS_Charts_Swift_3_demo;
			sourceTree = "<group>";
		};
		B0398C4B1D97280000242048 /* IOS_Charts_Swift_3_demoTests */ = {
			isa = PBXGroup;
			children = (
				B0398C4C1D97280000242048 /* IOS_Charts_Swift_3_demoTests.swift */,
				B0398C4E1D97280000242048 /* Info.plist */,
			);
			path = IOS_Charts_Swift_3_demoTests;
			sourceTree = "<group>";
		};
		B0398C561D97280000242048 /* IOS_Charts_Swift_3_demoUITests */ = {
			isa = PBXGroup;
			children = (
				B0398C571D97280000242048 /* IOS_Charts_Swift_3_demoUITests.swift */,
				B0398C591D97280000242048 /* Info.plist */,
			);
			path = IOS_Charts_Swift_3_demoUITests;
			sourceTree = "<group>";
		};
/* End PBXGroup section */

/* Begin PBXNativeTarget section */
		B0398C331D97280000242048 /* IOS_Charts_Swift_3_demo */ = {
			isa = PBXNativeTarget;
			buildConfigurationList = B0398C5C1D97280000242048 /* Build configuration list for PBXNativeTarget "IOS_Charts_Swift_3_demo" */;
			buildPhases = (
				B0398C301D97280000242048 /* Sources */,
				B0398C311D97280000242048 /* Frameworks */,
				B0398C321D97280000242048 /* Resources */,
			);
			buildRules = (
			);
			dependencies = (
			);
			name = IOS_Charts_Swift_3_demo;
			productName = IOS_Charts_Swift_3_demo;
			productReference = B0398C341D97280000242048 /* IOS_Charts_Swift_3_demo.app */;
			productType = "com.apple.product-type.application";
		};
		B0398C471D97280000242048 /* IOS_Charts_Swift_3_demoTests */ = {
			isa = PBXNativeTarget;
			buildConfigurationList = B0398C5F1D97280000242048 /* Build configuration list for PBXNativeTarget "IOS_Charts_Swift_3_demoTests" */;
			buildPhases = (
				B0398C441D97280000242048 /* Sources */,
				B0398C451D97280000242048 /* Frameworks */,
				B0398C461D97280000242048 /* Resources */,
			);
			buildRules = (
			);
			dependencies = (
				B0398C4A1D97280000242048 /* PBXTargetDependency */,
			);
			name = IOS_Charts_Swift_3_demoTests;
			productName = IOS_Charts_Swift_3_demoTests;
			productReference = B0398C481D97280000242048 /* IOS_Charts_Swift_3_demoTests.xctest */;
			productType = "com.apple.product-type.bundle.unit-test";
		};
		B0398C521D97280000242048 /* IOS_Charts_Swift_3_demoUITests */ = {
			isa = PBXNativeTarget;
			buildConfigurationList = B0398C621D97280000242048 /* Build configuration list for PBXNativeTarget "IOS_Charts_Swift_3_demoUITests" */;
			buildPhases = (
				B0398C4F1D97280000242048 /* Sources */,
				B0398C501D97280000242048 /* Frameworks */,
				B0398C511D97280000242048 /* Resources */,
			);
			buildRules = (
			);
			dependencies = (
				B0398C551D97280000242048 /* PBXTargetDependency */,
			);
			name = IOS_Charts_Swift_3_demoUITests;
			productName = IOS_Charts_Swift_3_demoUITests;
			productReference = B0398C531D97280000242048 /* IOS_Charts_Swift_3_demoUITests.xctest */;
			productType = "com.apple.product-type.bundle.ui-testing";
		};
/* End PBXNativeTarget section */

/* Begin PBXProject section */
		B0398C2C1D97280000242048 /* Project object */ = {
			isa = PBXProject;
			attributes = {
				LastSwiftUpdateCheck = 0800;
				LastUpgradeCheck = 0800;
				ORGANIZATIONNAME = "Alexander Murphy";
				TargetAttributes = {
					B0398C331D97280000242048 = {
						CreatedOnToolsVersion = 8.0;
						DevelopmentTeam = 9L49SS68XP;
						ProvisioningStyle = Automatic;
					};
					B0398C471D97280000242048 = {
						CreatedOnToolsVersion = 8.0;
						DevelopmentTeam = 9L49SS68XP;
						ProvisioningStyle = Automatic;
						TestTargetID = B0398C331D97280000242048;
					};
					B0398C521D97280000242048 = {
						CreatedOnToolsVersion = 8.0;
						DevelopmentTeam = 9L49SS68XP;
						ProvisioningStyle = Automatic;
						TestTargetID = B0398C331D97280000242048;
					};
				};
			};
			buildConfigurationList = B0398C2F1D97280000242048 /* Build configuration list for PBXProject "IOS_Charts_Swift_3_demo" */;
			compatibilityVersion = "Xcode 3.2";
			developmentRegion = English;
			hasScannedForEncodings = 0;
			knownRegions = (
				en,
				Base,
			);
			mainGroup = B0398C2B1D97280000242048;
			productRefGroup = B0398C351D97280000242048 /* Products */;
			projectDirPath = "";
			projectRoot = "";
			targets = (
				B0398C331D97280000242048 /* IOS_Charts_Swift_3_demo */,
				B0398C471D97280000242048 /* IOS_Charts_Swift_3_demoTests */,
				B0398C521D97280000242048 /* IOS_Charts_Swift_3_demoUITests */,
			);
		};
/* End PBXProject section */

/* Begin PBXResourcesBuildPhase section */
		B0398C321D97280000242048 /* Resources */ = {
			isa = PBXResourcesBuildPhase;
			buildActionMask = 2147483647;
			files = (
				B0398C421D97280000242048 /* LaunchScreen.storyboard in Resources */,
				B0398C3F1D97280000242048 /* Assets.xcassets in Resources */,
				B0398C3D1D97280000242048 /* Main.storyboard in Resources */,
			);
			runOnlyForDeploymentPostprocessing = 0;
		};
		B0398C461D97280000242048 /* Resources */ = {
			isa = PBXResourcesBuildPhase;
			buildActionMask = 2147483647;
			files = (
			);
			runOnlyForDeploymentPostprocessing = 0;
		};
		B0398C511D97280000242048 /* Resources */ = {
			isa = PBXResourcesBuildPhase;
			buildActionMask = 2147483647;
			files = (
			);
			runOnlyForDeploymentPostprocessing = 0;
		};
/* End PBXResourcesBuildPhase section */

/* Begin PBXSourcesBuildPhase section */
		B0398C301D97280000242048 /* Sources */ = {
			isa = PBXSourcesBuildPhase;
			buildActionMask = 2147483647;
			files = (
				B0398C3A1D97280000242048 /* ViewController.swift in Sources */,
				B0398C381D97280000242048 /* AppDelegate.swift in Sources */,
			);
			runOnlyForDeploymentPostprocessing = 0;
		};
		B0398C441D97280000242048 /* Sources */ = {
			isa = PBXSourcesBuildPhase;
			buildActionMask = 2147483647;
			files = (
				B0398C4D1D97280000242048 /* IOS_Charts_Swift_3_demoTests.swift in Sources */,
			);
			runOnlyForDeploymentPostprocessing = 0;
		};
		B0398C4F1D97280000242048 /* Sources */ = {
			isa = PBXSourcesBuildPhase;
			buildActionMask = 2147483647;
			files = (
				B0398C581D97280000242048 /* IOS_Charts_Swift_3_demoUITests.swift in Sources */,
			);
			runOnlyForDeploymentPostprocessing = 0;
		};
/* End PBXSourcesBuildPhase section */

/* Begin PBXTargetDependency section */
		B0398C4A1D97280000242048 /* PBXTargetDependency */ = {
			isa = PBXTargetDependency;
			target = B0398C331D97280000242048 /* IOS_Charts_Swift_3_demo */;
			targetProxy = B0398C491D97280000242048 /* PBXContainerItemProxy */;
		};
		B0398C551D97280000242048 /* PBXTargetDependency */ = {
			isa = PBXTargetDependency;
			target = B0398C331D97280000242048 /* IOS_Charts_Swift_3_demo */;
			targetProxy = B0398C541D97280000242048 /* PBXContainerItemProxy */;
		};
/* End PBXTargetDependency section */

/* Begin PBXVariantGroup section */
		B0398C3B1D97280000242048 /* Main.storyboard */ = {
			isa = PBXVariantGroup;
			children = (
				B0398C3C1D97280000242048 /* Base */,
			);
			name = Main.storyboard;
			sourceTree = "<group>";
		};
		B0398C401D97280000242048 /* LaunchScreen.storyboard */ = {
			isa = PBXVariantGroup;
			children = (
				B0398C411D97280000242048 /* Base */,
			);
			name = LaunchScreen.storyboard;
			sourceTree = "<group>";
		};
/* End PBXVariantGroup section */

/* Begin XCBuildConfiguration section */
		B0398C5A1D97280000242048 /* Debug */ = {
			isa = XCBuildConfiguration;
			buildSettings = {
				ALWAYS_SEARCH_USER_PATHS = NO;
				CLANG_ANALYZER_NONNULL = YES;
				CLANG_CXX_LANGUAGE_STANDARD = "gnu++0x";
				CLANG_CXX_LIBRARY = "libc++";
				CLANG_ENABLE_MODULES = YES;
				CLANG_ENABLE_OBJC_ARC = YES;
				CLANG_WARN_BOOL_CONVERSION = YES;
				CLANG_WARN_CONSTANT_CONVERSION = YES;
				CLANG_WARN_DIRECT_OBJC_ISA_USAGE = YES_ERROR;
				CLANG_WARN_DOCUMENTATION_COMMENTS = YES;
				CLANG_WARN_EMPTY_BODY = YES;
				CLANG_WARN_ENUM_CONVERSION = YES;
				CLANG_WARN_INFINITE_RECURSION = YES;
				CLANG_WARN_INT_CONVERSION = YES;
				CLANG_WARN_OBJC_ROOT_CLASS = YES_ERROR;
				CLANG_WARN_SUSPICIOUS_MOVES = YES;
				CLANG_WARN_UNREACHABLE_CODE = YES;
				CLANG_WARN__DUPLICATE_METHOD_MATCH = YES;
				"CODE_SIGN_IDENTITY[sdk=iphoneos*]" = "iPhone Developer";
				COPY_PHASE_STRIP = NO;
				DEBUG_INFORMATION_FORMAT = dwarf;
				ENABLE_STRICT_OBJC_MSGSEND = YES;
				ENABLE_TESTABILITY = YES;
				GCC_C_LANGUAGE_STANDARD = gnu99;
				GCC_DYNAMIC_NO_PIC = NO;
				GCC_NO_COMMON_BLOCKS = YES;
				GCC_OPTIMIZATION_LEVEL = 0;
				GCC_PREPROCESSOR_DEFINITIONS = (
					"DEBUG=1",
					"$(inherited)",
				);
				GCC_WARN_64_TO_32_BIT_CONVERSION = YES;
				GCC_WARN_ABOUT_RETURN_TYPE = YES_ERROR;
				GCC_WARN_UNDECLARED_SELECTOR = YES;
				GCC_WARN_UNINITIALIZED_AUTOS = YES_AGGRESSIVE;
				GCC_WARN_UNUSED_FUNCTION = YES;
				GCC_WARN_UNUSED_VARIABLE = YES;
				IPHONEOS_DEPLOYMENT_TARGET = 10.0;
				MTL_ENABLE_DEBUG_INFO = YES;
				ONLY_ACTIVE_ARCH = YES;
				SDKROOT = iphoneos;
				SWIFT_ACTIVE_COMPILATION_CONDITIONS = DEBUG;
				SWIFT_OPTIMIZATION_LEVEL = "-Onone";
				TARGETED_DEVICE_FAMILY = "1,2";
			};
			name = Debug;
		};
		B0398C5B1D97280000242048 /* Release */ = {
			isa = XCBuildConfiguration;
			buildSettings = {
				ALWAYS_SEARCH_USER_PATHS = NO;
				CLANG_ANALYZER_NONNULL = YES;
				CLANG_CXX_LANGUAGE_STANDARD = "gnu++0x";
				CLANG_CXX_LIBRARY = "libc++";
				CLANG_ENABLE_MODULES = YES;
				CLANG_ENABLE_OBJC_ARC = YES;
				CLANG_WARN_BOOL_CONVERSION = YES;
				CLANG_WARN_CONSTANT_CONVERSION = YES;
				CLANG_WARN_DIRECT_OBJC_ISA_USAGE = YES_ERROR;
				CLANG_WARN_DOCUMENTATION_COMMENTS = YES;
				CLANG_WARN_EMPTY_BODY = YES;
				CLANG_WARN_ENUM_CONVERSION = YES;
				CLANG_WARN_INFINITE_RECURSION = YES;
				CLANG_WARN_INT_CONVERSION = YES;
				CLANG_WARN_OBJC_ROOT_CLASS = YES_ERROR;
				CLANG_WARN_SUSPICIOUS_MOVES = YES;
				CLANG_WARN_UNREACHABLE_CODE = YES;
				CLANG_WARN__DUPLICATE_METHOD_MATCH = YES;
				"CODE_SIGN_IDENTITY[sdk=iphoneos*]" = "iPhone Developer";
				COPY_PHASE_STRIP = NO;
				DEBUG_INFORMATION_FORMAT = "dwarf-with-dsym";
				ENABLE_NS_ASSERTIONS = NO;
				ENABLE_STRICT_OBJC_MSGSEND = YES;
				GCC_C_LANGUAGE_STANDARD = gnu99;
				GCC_NO_COMMON_BLOCKS = YES;
				GCC_WARN_64_TO_32_BIT_CONVERSION = YES;
				GCC_WARN_ABOUT_RETURN_TYPE = YES_ERROR;
				GCC_WARN_UNDECLARED_SELECTOR = YES;
				GCC_WARN_UNINITIALIZED_AUTOS = YES_AGGRESSIVE;
				GCC_WARN_UNUSED_FUNCTION = YES;
				GCC_WARN_UNUSED_VARIABLE = YES;
				IPHONEOS_DEPLOYMENT_TARGET = 10.0;
				MTL_ENABLE_DEBUG_INFO = NO;
				SDKROOT = iphoneos;
				SWIFT_OPTIMIZATION_LEVEL = "-Owholemodule";
				TARGETED_DEVICE_FAMILY = "1,2";
				VALIDATE_PRODUCT = YES;
			};
			name = Release;
		};
		B0398C5D1D97280000242048 /* Debug */ = {
			isa = XCBuildConfiguration;
			buildSettings = {
				ASSETCATALOG_COMPILER_APPICON_NAME = AppIcon;
				DEVELOPMENT_TEAM = 9L49SS68XP;
				INFOPLIST_FILE = IOS_Charts_Swift_3_demo/Info.plist;
				LD_RUNPATH_SEARCH_PATHS = "$(inherited) @executable_path/Frameworks";
				PRODUCT_BUNDLE_IDENTIFIER = "com.thexande.IOS-Charts-Swift-3-demo";
				PRODUCT_NAME = "$(TARGET_NAME)";
				SWIFT_VERSION = 3.0;
			};
			name = Debug;
		};
		B0398C5E1D97280000242048 /* Release */ = {
			isa = XCBuildConfiguration;
			buildSettings = {
				ASSETCATALOG_COMPILER_APPICON_NAME = AppIcon;
				DEVELOPMENT_TEAM = 9L49SS68XP;
				INFOPLIST_FILE = IOS_Charts_Swift_3_demo/Info.plist;
				LD_RUNPATH_SEARCH_PATHS = "$(inherited) @executable_path/Frameworks";
				PRODUCT_BUNDLE_IDENTIFIER = "com.thexande.IOS-Charts-Swift-3-demo";
				PRODUCT_NAME = "$(TARGET_NAME)";
				SWIFT_VERSION = 3.0;
			};
			name = Release;
		};
		B0398C601D97280000242048 /* Debug */ = {
			isa = XCBuildConfiguration;
			buildSettings = {
				ALWAYS_EMBED_SWIFT_STANDARD_LIBRARIES = YES;
				BUNDLE_LOADER = "$(TEST_HOST)";
				DEVELOPMENT_TEAM = 9L49SS68XP;
				INFOPLIST_FILE = IOS_Charts_Swift_3_demoTests/Info.plist;
				LD_RUNPATH_SEARCH_PATHS = "$(inherited) @executable_path/Frameworks @loader_path/Frameworks";
				PRODUCT_BUNDLE_IDENTIFIER = "com.thexande.IOS-Charts-Swift-3-demoTests";
				PRODUCT_NAME = "$(TARGET_NAME)";
				SWIFT_VERSION = 3.0;
				TEST_HOST = "$(BUILT_PRODUCTS_DIR)/IOS_Charts_Swift_3_demo.app/IOS_Charts_Swift_3_demo";
			};
			name = Debug;
		};
		B0398C611D97280000242048 /* Release */ = {
			isa = XCBuildConfiguration;
			buildSettings = {
				ALWAYS_EMBED_SWIFT_STANDARD_LIBRARIES = YES;
				BUNDLE_LOADER = "$(TEST_HOST)";
				DEVELOPMENT_TEAM = 9L49SS68XP;
				INFOPLIST_FILE = IOS_Charts_Swift_3_demoTests/Info.plist;
				LD_RUNPATH_SEARCH_PATHS = "$(inherited) @executable_path/Frameworks @loader_path/Frameworks";
				PRODUCT_BUNDLE_IDENTIFIER = "com.thexande.IOS-Charts-Swift-3-demoTests";
				PRODUCT_NAME = "$(TARGET_NAME)";
				SWIFT_VERSION = 3.0;
				TEST_HOST = "$(BUILT_PRODUCTS_DIR)/IOS_Charts_Swift_3_demo.app/IOS_Charts_Swift_3_demo";
			};
			name = Release;
		};
		B0398C631D97280000242048 /* Debug */ = {
			isa = XCBuildConfiguration;
			buildSettings = {
				ALWAYS_EMBED_SWIFT_STANDARD_LIBRARIES = YES;
				DEVELOPMENT_TEAM = 9L49SS68XP;
				INFOPLIST_FILE = IOS_Charts_Swift_3_demoUITests/Info.plist;
				LD_RUNPATH_SEARCH_PATHS = "$(inherited) @executable_path/Frameworks @loader_path/Frameworks";
				PRODUCT_BUNDLE_IDENTIFIER = "com.thexande.IOS-Charts-Swift-3-demoUITests";
				PRODUCT_NAME = "$(TARGET_NAME)";
				SWIFT_VERSION = 3.0;
				TEST_TARGET_NAME = IOS_Charts_Swift_3_demo;
			};
			name = Debug;
		};
		B0398C641D97280000242048 /* Release */ = {
			isa = XCBuildConfiguration;
			buildSettings = {
				ALWAYS_EMBED_SWIFT_STANDARD_LIBRARIES = YES;
				DEVELOPMENT_TEAM = 9L49SS68XP;
				INFOPLIST_FILE = IOS_Charts_Swift_3_demoUITests/Info.plist;
				LD_RUNPATH_SEARCH_PATHS = "$(inherited) @executable_path/Frameworks @loader_path/Frameworks";
				PRODUCT_BUNDLE_IDENTIFIER = "com.thexande.IOS-Charts-Swift-3-demoUITests";
				PRODUCT_NAME = "$(TARGET_NAME)";
				SWIFT_VERSION = 3.0;
				TEST_TARGET_NAME = IOS_Charts_Swift_3_demo;
			};
			name = Release;
		};
/* End XCBuildConfiguration section */

/* Begin XCConfigurationList section */
		B0398C2F1D97280000242048 /* Build configuration list for PBXProject "IOS_Charts_Swift_3_demo" */ = {
			isa = XCConfigurationList;
			buildConfigurations = (
				B0398C5A1D97280000242048 /* Debug */,
				B0398C5B1D97280000242048 /* Release */,
			);
			defaultConfigurationIsVisible = 0;
			defaultConfigurationName = Release;
		};
		B0398C5C1D97280000242048 /* Build configuration list for PBXNativeTarget "IOS_Charts_Swift_3_demo" */ = {
			isa = XCConfigurationList;
			buildConfigurations = (
				B0398C5D1D97280000242048 /* Debug */,
				B0398C5E1D97280000242048 /* Release */,
			);
			defaultConfigurationIsVisible = 0;
		};
		B0398C5F1D97280000242048 /* Build configuration list for PBXNativeTarget "IOS_Charts_Swift_3_demoTests" */ = {
			isa = XCConfigurationList;
			buildConfigurations = (
				B0398C601D97280000242048 /* Debug */,
				B0398C611D97280000242048 /* Release */,
			);
			defaultConfigurationIsVisible = 0;
		};
		B0398C621D97280000242048 /* Build configuration list for PBXNativeTarget "IOS_Charts_Swift_3_demoUITests" */ = {
			isa = XCConfigurationList;
			buildConfigurations = (
				B0398C631D97280000242048 /* Debug */,
				B0398C641D97280000242048 /* Release */,
			);
			defaultConfigurationIsVisible = 0;
		};
/* End XCConfigurationList section */
	};
	rootObject = B0398C2C1D97280000242048 /* Project object */;
}
